# This file is @generated by PDM.
# It is not intended for manual editing.

[metadata]
groups = ["default", "dev"]
cross_platform = true
static_urls = false
lock_version = "4.3"
content_hash = "sha256:4b10d86973040726ea4747ca8bb05a435eb788d8dca49475fdece3c1ee396c62"

[[package]]
name = "sx-check"
version = "0.1.1.dev2"
requires_python = ">=3.10"
editable = true
path = "./sx-check"
summary = "A sandbox library."

[[package]]
name = "sx-math"
version = "0.1.1.dev2"
requires_python = ">=3.10"
editable = true
path = "./sx-math"
summary = "A sandbox library."
